
Microsoft Visual Studio Solution File, Format Version 12.00
# Visual Studio Version 17
VisualStudioVersion = 17.2.32630.192
MinimumVisualStudioVersion = 10.0.40219.1
Project("{FAE04EC0-301F-11D3-BF4B-00C04F79EFBC}") = "ContainMostWater", "ContainMostWater\ContainMostWater.csproj", "{22133FDD-FD6A-4D11-AACF-07EA872DBAAA}"
EndProject
Global
	GlobalSection(SolutionConfigurationPlatforms) = preSolution
		Debug|Any CPU = Debug|Any CPU
		Release|Any CPU = Release|Any CPU
	EndGlobalSection
	GlobalSection(ProjectConfigurationPlatforms) = postSolution
		{22133FDD-FD6A-4D11-AACF-07EA872DBAAA}.Debug|Any CPU.ActiveCfg = Debug|Any CPU
		{22133FDD-FD6A-4D11-AACF-07EA872DBAAA}.Debug|Any CPU.Build.0 = Debug|Any CPU
		{22133FDD-FD6A-4D11-AACF-07EA872DBAAA}.Release|Any CPU.ActiveCfg = Release|Any CPU
		{22133FDD-FD6A-4D11-AACF-07EA872DBAAA}.Release|Any CPU.Build.0 = Release|Any CPU
	EndGlobalSection
	GlobalSection(SolutionProperties) = preSolution
		HideSolutionNode = FALSE
	EndGlobalSection
	GlobalSection(ExtensibilityGlobals) = postSolution
		SolutionGuid = {F071125C-C388-456E-8A64-7EDE14CFAA5A}
	EndGlobalSection
EndGlobal
