
Microsoft Visual Studio Solution File, Format Version 12.00
# Visual Studio Version 17
VisualStudioVersion = 17.2.32630.192
MinimumVisualStudioVersion = 10.0.40219.1
Project("{FAE04EC0-301F-11D3-BF4B-00C04F79EFBC}") = "ThreeSum", "ThreeSum\ThreeSum.csproj", "{33D23ED3-8D63-438F-85FD-C3E7DCA842E6}"
EndProject
Global
	GlobalSection(SolutionConfigurationPlatforms) = preSolution
		Debug|Any CPU = Debug|Any CPU
		Release|Any CPU = Release|Any CPU
	EndGlobalSection
	GlobalSection(ProjectConfigurationPlatforms) = postSolution
		{33D23ED3-8D63-438F-85FD-C3E7DCA842E6}.Debug|Any CPU.ActiveCfg = Debug|Any CPU
		{33D23ED3-8D63-438F-85FD-C3E7DCA842E6}.Debug|Any CPU.Build.0 = Debug|Any CPU
		{33D23ED3-8D63-438F-85FD-C3E7DCA842E6}.Release|Any CPU.ActiveCfg = Release|Any CPU
		{33D23ED3-8D63-438F-85FD-C3E7DCA842E6}.Release|Any CPU.Build.0 = Release|Any CPU
	EndGlobalSection
	GlobalSection(SolutionProperties) = preSolution
		HideSolutionNode = FALSE
	EndGlobalSection
	GlobalSection(ExtensibilityGlobals) = postSolution
		SolutionGuid = {F2A2106D-506B-44D2-9EBA-81316379F4AC}
	EndGlobalSection
EndGlobal
